Microsoft Visual Studio Solution File, Format Version 12.00
# Visual Studio 15
VisualStudioVersion = 15.0.27130.2020
MinimumVisualStudioVersion = 15.0.26124.0
Project("{9A19103F-16F7-4668-BE54-9A1E7A4F7556}") = "Readify.KnockKnock.Endpoint", "Readify.KnockKnock.Endpoint\Readify.KnockKnock.Endpoint.csproj", "{53B26D57-702C-4071-B6F9-B13641B162BD}"
EndProject
Project("{9A19103F-16F7-4668-BE54-9A1E7A4F7556}") = "Readify.KnockKnock.Api", "Readify.KnockKnock.Api\Readify.KnockKnock.Api.csproj", "{7580E3D9-CBB6-44C1-98DA-FBA0BDBAEC9B}"
EndProject
Project("{FAE04EC0-301F-11D3-BF4B-00C04F79EFBC}") = "Readify.KnockKnock.Tests", "Readify.KnockKnock.Tests\Readify.KnockKnock.Tests.csproj", "{428BB68C-B316-49FC-B855-52A99E3462DC}"
EndProject
Global
	GlobalSection(SolutionConfigurationPlatforms) = preSolution
		Debug|Any CPU = Debug|Any CPU
		Debug|x64 = Debug|x64
		Debug|x86 = Debug|x86
		Release|Any CPU = Release|Any CPU
		Release|x64 = Release|x64
		Release|x86 = Release|x86
	EndGlobalSection
	GlobalSection(ProjectConfigurationPlatforms) = postSolution
		{53B26D57-702C-4071-B6F9-B13641B162BD}.Debug|Any CPU.ActiveCfg = Debug|Any CPU
		{53B26D57-702C-4071-B6F9-B13641B162BD}.Debug|Any CPU.Build.0 = Debug|Any CPU
		{53B26D57-702C-4071-B6F9-B13641B162BD}.Debug|x64.ActiveCfg = Debug|Any CPU
		{53B26D57-702C-4071-B6F9-B13641B162BD}.Debug|x64.Build.0 = Debug|Any CPU
		{53B26D57-702C-4071-B6F9-B13641B162BD}.Debug|x86.ActiveCfg = Debug|Any CPU
		{53B26D57-702C-4071-B6F9-B13641B162BD}.Debug|x86.Build.0 = Debug|Any CPU
		{53B26D57-702C-4071-B6F9-B13641B162BD}.Release|Any CPU.ActiveCfg = Release|Any CPU
		{53B26D57-702C-4071-B6F9-B13641B162BD}.Release|Any CPU.Build.0 = Release|Any CPU
		{53B26D57-702C-4071-B6F9-B13641B162BD}.Release|x64.ActiveCfg = Release|Any CPU
		{53B26D57-702C-4071-B6F9-B13641B162BD}.Release|x64.Build.0 = Release|Any CPU
		{53B26D57-702C-4071-B6F9-B13641B162BD}.Release|x86.ActiveCfg = Release|Any CPU
		{53B26D57-702C-4071-B6F9-B13641B162BD}.Release|x86.Build.0 = Release|Any CPU
		{7580E3D9-CBB6-44C1-98DA-FBA0BDBAEC9B}.Debug|Any CPU.ActiveCfg = Debug|Any CPU
		{7580E3D9-CBB6-44C1-98DA-FBA0BDBAEC9B}.Debug|Any CPU.Build.0 = Debug|Any CPU
		{7580E3D9-CBB6-44C1-98DA-FBA0BDBAEC9B}.Debug|x64.ActiveCfg = Debug|Any CPU
		{7580E3D9-CBB6-44C1-98DA-FBA0BDBAEC9B}.Debug|x64.Build.0 = Debug|Any CPU
		{7580E3D9-CBB6-44C1-98DA-FBA0BDBAEC9B}.Debug|x86.ActiveCfg = Debug|Any CPU
		{7580E3D9-CBB6-44C1-98DA-FBA0BDBAEC9B}.Debug|x86.Build.0 = Debug|Any CPU
		{7580E3D9-CBB6-44C1-98DA-FBA0BDBAEC9B}.Release|Any CPU.ActiveCfg = Release|Any CPU
		{7580E3D9-CBB6-44C1-98DA-FBA0BDBAEC9B}.Release|Any CPU.Build.0 = Release|Any CPU
		{7580E3D9-CBB6-44C1-98DA-FBA0BDBAEC9B}.Release|x64.ActiveCfg = Release|Any CPU
		{7580E3D9-CBB6-44C1-98DA-FBA0BDBAEC9B}.Release|x64.Build.0 = Release|Any CPU
		{7580E3D9-CBB6-44C1-98DA-FBA0BDBAEC9B}.Release|x86.ActiveCfg = Release|Any CPU
		{7580E3D9-CBB6-44C1-98DA-FBA0BDBAEC9B}.Release|x86.Build.0 = Release|Any CPU
		{428BB68C-B316-49FC-B855-52A99E3462DC}.Debug|Any CPU.ActiveCfg = Debug|Any CPU
		{428BB68C-B316-49FC-B855-52A99E3462DC}.Debug|Any CPU.Build.0 = Debug|Any CPU
		{428BB68C-B316-49FC-B855-52A99E3462DC}.Debug|x64.ActiveCfg = Debug|Any CPU
		{428BB68C-B316-49FC-B855-52A99E3462DC}.Debug|x64.Build.0 = Debug|Any CPU
		{428BB68C-B316-49FC-B855-52A99E3462DC}.Debug|x86.ActiveCfg = Debug|Any CPU
		{428BB68C-B316-49FC-B855-52A99E3462DC}.Debug|x86.Build.0 = Debug|Any CPU
		{428BB68C-B316-49FC-B855-52A99E3462DC}.Release|Any CPU.ActiveCfg = Release|Any CPU
		{428BB68C-B316-49FC-B855-52A99E3462DC}.Release|Any CPU.Build.0 = Release|Any CPU
		{428BB68C-B316-49FC-B855-52A99E3462DC}.Release|x64.ActiveCfg = Release|Any CPU
		{428BB68C-B316-49FC-B855-52A99E3462DC}.Release|x64.Build.0 = Release|Any CPU
		{428BB68C-B316-49FC-B855-52A99E3462DC}.Release|x86.ActiveCfg = Release|Any CPU
		{428BB68C-B316-49FC-B855-52A99E3462DC}.Release|x86.Build.0 = Release|Any CPU
	EndGlobalSection
	GlobalSection(SolutionProperties) = preSolution
		HideSolutionNode = FALSE
	EndGlobalSection
	GlobalSection(ExtensibilityGlobals) = postSolution
		SolutionGuid = {0CD6545E-59BC-4371-B70E-65524E210368}
	EndGlobalSection
EndGlobal
